{
  "name": "space",
  "version": "1.0.0",
  "lockfileVersion": 3,
  "requires": true,
  "packages": {
    "": {
      "name": "space",
      "version": "1.0.0",
      "license": "ISC",
      "dependencies": {
        "gl-matrix": "^3.4.3",
        "twgl.js": "^5.5.4"
      }
    },
    "node_modules/gl-matrix": {
      "version": "3.4.3",
      "resolved": "https://registry.npmjs.org/gl-matrix/-/gl-matrix-3.4.3.tgz",
      "integrity": "sha512-wcCp8vu8FT22BnvKVPjXa/ICBWRq/zjFfdofZy1WSpQZpphblv12/bOQLBC1rMM7SGOFS9ltVmKOHil5+Ml7gA=="
    },
    "node_modules/twgl.js": {
      "version": "5.5.4",
      "resolved": "https://registry.npmjs.org/twgl.js/-/twgl.js-5.5.4.tgz",
      "integrity": "sha512-6kFOmijOpmblTN9CCwOTCxK4lPg7rCyQjLuub6EMOlEp89Ex6yUcsMjsmH7andNPL2NE3XmHdqHeP5gVKKPhxw==",
      "license": "MIT"
    }
  }
}
